{
  "object": {
    "pins": [
      {
        "package": "Kingfisher",
        "repositoryURL": "https://github.com/onevcat/Kingfisher.git",
        "state": {
          "branch": null,
          "revision": "0c02c46cfdc0656ce74fd0963a75e5000a0b7f23",
          "version": "7.1.2"
        }
      },
      {
        "package": "SwiftSVG",
        "repositoryURL": "https://github.com/mchoe/SwiftSVG.git",
        "state": {
          "branch": null,
          "revision": "c3a8866a25ace169ee8e5c037670ba14aa59606f",
          "version": "2.3.2"
        }
      }
    ]
  },
  "version": 1
}
